
Microsoft Visual Studio Solution File, Format Version 12.00
# Visual Studio Version 16
VisualStudioVersion = 16.0.31129.286
MinimumVisualStudioVersion = 10.0.40219.1
Project("{FAE04EC0-301F-11D3-BF4B-00C04F79EFBC}") = "tap2021-e02.ConsoleApp", "tap2021-e02.ConsoleApp\tap2021-e02.ConsoleApp.csproj", "{938C94F4-0154-4ABB-9654-5470C679515E}"
EndProject
Global
	GlobalSection(SolutionConfigurationPlatforms) = preSolution
		Debug|Any CPU = Debug|Any CPU
		Release|Any CPU = Release|Any CPU
	EndGlobalSection
	GlobalSection(ProjectConfigurationPlatforms) = postSolution
		{938C94F4-0154-4ABB-9654-5470C679515E}.Debug|Any CPU.ActiveCfg = Debug|Any CPU
		{938C94F4-0154-4ABB-9654-5470C679515E}.Debug|Any CPU.Build.0 = Debug|Any CPU
		{938C94F4-0154-4ABB-9654-5470C679515E}.Release|Any CPU.ActiveCfg = Release|Any CPU
		{938C94F4-0154-4ABB-9654-5470C679515E}.Release|Any CPU.Build.0 = Release|Any CPU
	EndGlobalSection
	GlobalSection(SolutionProperties) = preSolution
		HideSolutionNode = FALSE
	EndGlobalSection
	GlobalSection(ExtensibilityGlobals) = postSolution
		SolutionGuid = {800D4658-C6F6-4828-A3EB-93C0AC44EEED}
	EndGlobalSection
EndGlobal
