
Microsoft Visual Studio Solution File, Format Version 12.00
# Visual Studio Version 16
VisualStudioVersion = 16.0.31129.286
MinimumVisualStudioVersion = 10.0.40219.1
Project("{FAE04EC0-301F-11D3-BF4B-00C04F79EFBC}") = "tap2021-e02.ConsoleApp", "tap2021-e02.ConsoleApp\tap2021-e02.ConsoleApp.csproj", "{938C94F4-0154-4ABB-9654-5470C679515E}"
EndProject
Project("{FAE04EC0-301F-11D3-BF4B-00C04F79EFBC}") = "tap2021-e02.RepositoryPattern", "tap2021-e02.RepositoryPattern\tap2021-e02.RepositoryPattern.csproj", "{A5E4474A-C683-4FAE-BDD4-B1072907396F}"
	ProjectSection(ProjectDependencies) = postProject
		{B1DAF747-04C3-4CD9-959E-28919315661D} = {B1DAF747-04C3-4CD9-959E-28919315661D}
	EndProjectSection
EndProject
Project("{FAE04EC0-301F-11D3-BF4B-00C04F79EFBC}") = "tap2021-e02.Data", "tap2021-e02.Data\tap2021-e02.Data.csproj", "{B1DAF747-04C3-4CD9-959E-28919315661D}"
EndProject
Project("{FAE04EC0-301F-11D3-BF4B-00C04F79EFBC}") = "tap2021-e02.UnitTest", "tap2021-e02.UnitTest\tap2021-e02.UnitTest.csproj", "{E20DBEF9-B905-4EF6-9B8A-808C4982B189}"
EndProject
Project("{FAE04EC0-301F-11D3-BF4B-00C04F79EFBC}") = "tap2021-e02.Extensions", "tap2021-e02.Extensions\tap2021-e02.Extensions.csproj", "{E8FC4594-1C05-4697-A9D2-6E0EF0D15A27}"
	ProjectSection(ProjectDependencies) = postProject
		{B1DAF747-04C3-4CD9-959E-28919315661D} = {B1DAF747-04C3-4CD9-959E-28919315661D}
	EndProjectSection
EndProject
Global
	GlobalSection(SolutionConfigurationPlatforms) = preSolution
		Debug|Any CPU = Debug|Any CPU
		Release|Any CPU = Release|Any CPU
	EndGlobalSection
	GlobalSection(ProjectConfigurationPlatforms) = postSolution
		{938C94F4-0154-4ABB-9654-5470C679515E}.Debug|Any CPU.ActiveCfg = Debug|Any CPU
		{938C94F4-0154-4ABB-9654-5470C679515E}.Debug|Any CPU.Build.0 = Debug|Any CPU
		{938C94F4-0154-4ABB-9654-5470C679515E}.Release|Any CPU.ActiveCfg = Release|Any CPU
		{938C94F4-0154-4ABB-9654-5470C679515E}.Release|Any CPU.Build.0 = Release|Any CPU
		{A5E4474A-C683-4FAE-BDD4-B1072907396F}.Debug|Any CPU.ActiveCfg = Debug|Any CPU
		{A5E4474A-C683-4FAE-BDD4-B1072907396F}.Debug|Any CPU.Build.0 = Debug|Any CPU
		{A5E4474A-C683-4FAE-BDD4-B1072907396F}.Release|Any CPU.ActiveCfg = Release|Any CPU
		{A5E4474A-C683-4FAE-BDD4-B1072907396F}.Release|Any CPU.Build.0 = Release|Any CPU
		{B1DAF747-04C3-4CD9-959E-28919315661D}.Debug|Any CPU.ActiveCfg = Debug|Any CPU
		{B1DAF747-04C3-4CD9-959E-28919315661D}.Debug|Any CPU.Build.0 = Debug|Any CPU
		{B1DAF747-04C3-4CD9-959E-28919315661D}.Release|Any CPU.ActiveCfg = Release|Any CPU
		{B1DAF747-04C3-4CD9-959E-28919315661D}.Release|Any CPU.Build.0 = Release|Any CPU
		{E20DBEF9-B905-4EF6-9B8A-808C4982B189}.Debug|Any CPU.ActiveCfg = Debug|Any CPU
		{E20DBEF9-B905-4EF6-9B8A-808C4982B189}.Debug|Any CPU.Build.0 = Debug|Any CPU
		{E20DBEF9-B905-4EF6-9B8A-808C4982B189}.Release|Any CPU.ActiveCfg = Release|Any CPU
		{E20DBEF9-B905-4EF6-9B8A-808C4982B189}.Release|Any CPU.Build.0 = Release|Any CPU
		{E8FC4594-1C05-4697-A9D2-6E0EF0D15A27}.Debug|Any CPU.ActiveCfg = Debug|Any CPU
		{E8FC4594-1C05-4697-A9D2-6E0EF0D15A27}.Debug|Any CPU.Build.0 = Debug|Any CPU
		{E8FC4594-1C05-4697-A9D2-6E0EF0D15A27}.Release|Any CPU.ActiveCfg = Release|Any CPU
		{E8FC4594-1C05-4697-A9D2-6E0EF0D15A27}.Release|Any CPU.Build.0 = Release|Any CPU
	EndGlobalSection
	GlobalSection(SolutionProperties) = preSolution
		HideSolutionNode = FALSE
	EndGlobalSection
	GlobalSection(ExtensibilityGlobals) = postSolution
		SolutionGuid = {800D4658-C6F6-4828-A3EB-93C0AC44EEED}
	EndGlobalSection
EndGlobal
